
Microsoft Visual Studio Solution File, Format Version 12.00
Project("{FAE04EC0-301F-11D3-BF4B-00C04F79EFBC}") = "API", "API\API.csproj", "{901D0A92-6554-4EFB-B982-7B8A3386536B}"
EndProject
Project("{FAE04EC0-301F-11D3-BF4B-00C04F79EFBC}") = "Client", "Client\Client.csproj", "{33F817E5-38AC-4EC4-A19E-B7B7F0288580}"
EndProject
Project("{FAE04EC0-301F-11D3-BF4B-00C04F79EFBC}") = "Shared", "Shared\Shared.csproj", "{03E3A8A9-A8B7-4EC7-A659-D0283A71317C}"
EndProject
Project("{FAE04EC0-301F-11D3-BF4B-00C04F79EFBC}") = "UnitTests", "UnitTests\UnitTests.csproj", "{B1ED6ABF-1391-497F-87D5-E75226E7D36F}"
EndProject
Global
	GlobalSection(SolutionConfigurationPlatforms) = preSolution
		Debug|Any CPU = Debug|Any CPU
		Release|Any CPU = Release|Any CPU
	EndGlobalSection
	GlobalSection(ProjectConfigurationPlatforms) = postSolution
		{901D0A92-6554-4EFB-B982-7B8A3386536B}.Debug|Any CPU.ActiveCfg = Debug|Any CPU
		{901D0A92-6554-4EFB-B982-7B8A3386536B}.Debug|Any CPU.Build.0 = Debug|Any CPU
		{901D0A92-6554-4EFB-B982-7B8A3386536B}.Release|Any CPU.ActiveCfg = Release|Any CPU
		{901D0A92-6554-4EFB-B982-7B8A3386536B}.Release|Any CPU.Build.0 = Release|Any CPU
		{33F817E5-38AC-4EC4-A19E-B7B7F0288580}.Debug|Any CPU.ActiveCfg = Debug|Any CPU
		{33F817E5-38AC-4EC4-A19E-B7B7F0288580}.Debug|Any CPU.Build.0 = Debug|Any CPU
		{33F817E5-38AC-4EC4-A19E-B7B7F0288580}.Release|Any CPU.ActiveCfg = Release|Any CPU
		{33F817E5-38AC-4EC4-A19E-B7B7F0288580}.Release|Any CPU.Build.0 = Release|Any CPU
		{03E3A8A9-A8B7-4EC7-A659-D0283A71317C}.Debug|Any CPU.ActiveCfg = Debug|Any CPU
		{03E3A8A9-A8B7-4EC7-A659-D0283A71317C}.Debug|Any CPU.Build.0 = Debug|Any CPU
		{03E3A8A9-A8B7-4EC7-A659-D0283A71317C}.Release|Any CPU.ActiveCfg = Release|Any CPU
		{03E3A8A9-A8B7-4EC7-A659-D0283A71317C}.Release|Any CPU.Build.0 = Release|Any CPU
		{B1ED6ABF-1391-497F-87D5-E75226E7D36F}.Debug|Any CPU.ActiveCfg = Debug|Any CPU
		{B1ED6ABF-1391-497F-87D5-E75226E7D36F}.Debug|Any CPU.Build.0 = Debug|Any CPU
		{B1ED6ABF-1391-497F-87D5-E75226E7D36F}.Release|Any CPU.ActiveCfg = Release|Any CPU
		{B1ED6ABF-1391-497F-87D5-E75226E7D36F}.Release|Any CPU.Build.0 = Release|Any CPU
	EndGlobalSection
EndGlobal
