
Microsoft Visual Studio Solution File, Format Version 12.00
# Visual Studio Version 17
VisualStudioVersion = 17.4.33103.184
MinimumVisualStudioVersion = 10.0.40219.1
Project("{9A19103F-16F7-4668-BE54-9A1E7A4F7556}") = "API", "API\API.csproj", "{901D0A92-6554-4EFB-B982-7B8A3386536B}"
EndProject
Project("{9A19103F-16F7-4668-BE54-9A1E7A4F7556}") = "Client", "Client\Client.csproj", "{33F817E5-38AC-4EC4-A19E-B7B7F0288580}"
EndProject
Project("{9A19103F-16F7-4668-BE54-9A1E7A4F7556}") = "Shared", "Shared\Shared.csproj", "{03E3A8A9-A8B7-4EC7-A659-D0283A71317C}"
EndProject
Project("{2150E333-8FDC-42A3-9474-1A3956D46DE8}") = "tests", "tests", "{2312F7F8-F8B7-4DB1-B3D0-A680DB6AFA78}"
EndProject
Project("{9A19103F-16F7-4668-BE54-9A1E7A4F7556}") = "API.Tests.Integration", "tests\API.Tests.Integration\API.Tests.Integration.csproj", "{C5273164-7C33-451F-BFE3-1AF094FF61E1}"
EndProject
Project("{9A19103F-16F7-4668-BE54-9A1E7A4F7556}") = "API.Tests.Unit", "tests\API.Tests.Unit\API.Tests.Unit.csproj", "{57FC6CDA-1281-4734-9A8C-142C0A2C2574}"
EndProject
Project("{E53339B2-1760-4266-BCC7-CA923CBCF16C}") = "docker-compose", "docker-compose.dcproj", "{751AE84B-655F-4F77-B303-593C5029A4CD}"
EndProject
Global
	GlobalSection(SolutionConfigurationPlatforms) = preSolution
		Debug|Any CPU = Debug|Any CPU
		Release|Any CPU = Release|Any CPU
	EndGlobalSection
	GlobalSection(ProjectConfigurationPlatforms) = postSolution
		{901D0A92-6554-4EFB-B982-7B8A3386536B}.Debug|Any CPU.ActiveCfg = Debug|Any CPU
		{901D0A92-6554-4EFB-B982-7B8A3386536B}.Debug|Any CPU.Build.0 = Debug|Any CPU
		{901D0A92-6554-4EFB-B982-7B8A3386536B}.Release|Any CPU.ActiveCfg = Release|Any CPU
		{901D0A92-6554-4EFB-B982-7B8A3386536B}.Release|Any CPU.Build.0 = Release|Any CPU
		{33F817E5-38AC-4EC4-A19E-B7B7F0288580}.Debug|Any CPU.ActiveCfg = Debug|Any CPU
		{33F817E5-38AC-4EC4-A19E-B7B7F0288580}.Debug|Any CPU.Build.0 = Debug|Any CPU
		{33F817E5-38AC-4EC4-A19E-B7B7F0288580}.Release|Any CPU.ActiveCfg = Release|Any CPU
		{33F817E5-38AC-4EC4-A19E-B7B7F0288580}.Release|Any CPU.Build.0 = Release|Any CPU
		{03E3A8A9-A8B7-4EC7-A659-D0283A71317C}.Debug|Any CPU.ActiveCfg = Debug|Any CPU
		{03E3A8A9-A8B7-4EC7-A659-D0283A71317C}.Debug|Any CPU.Build.0 = Debug|Any CPU
		{03E3A8A9-A8B7-4EC7-A659-D0283A71317C}.Release|Any CPU.ActiveCfg = Release|Any CPU
		{03E3A8A9-A8B7-4EC7-A659-D0283A71317C}.Release|Any CPU.Build.0 = Release|Any CPU
		{C5273164-7C33-451F-BFE3-1AF094FF61E1}.Debug|Any CPU.ActiveCfg = Debug|Any CPU
		{C5273164-7C33-451F-BFE3-1AF094FF61E1}.Debug|Any CPU.Build.0 = Debug|Any CPU
		{C5273164-7C33-451F-BFE3-1AF094FF61E1}.Release|Any CPU.ActiveCfg = Release|Any CPU
		{C5273164-7C33-451F-BFE3-1AF094FF61E1}.Release|Any CPU.Build.0 = Release|Any CPU
		{57FC6CDA-1281-4734-9A8C-142C0A2C2574}.Debug|Any CPU.ActiveCfg = Debug|Any CPU
		{57FC6CDA-1281-4734-9A8C-142C0A2C2574}.Debug|Any CPU.Build.0 = Debug|Any CPU
		{57FC6CDA-1281-4734-9A8C-142C0A2C2574}.Release|Any CPU.ActiveCfg = Release|Any CPU
		{57FC6CDA-1281-4734-9A8C-142C0A2C2574}.Release|Any CPU.Build.0 = Release|Any CPU
		{751AE84B-655F-4F77-B303-593C5029A4CD}.Debug|Any CPU.ActiveCfg = Debug|Any CPU
		{751AE84B-655F-4F77-B303-593C5029A4CD}.Debug|Any CPU.Build.0 = Debug|Any CPU
		{751AE84B-655F-4F77-B303-593C5029A4CD}.Release|Any CPU.ActiveCfg = Release|Any CPU
		{751AE84B-655F-4F77-B303-593C5029A4CD}.Release|Any CPU.Build.0 = Release|Any CPU
	EndGlobalSection
	GlobalSection(SolutionProperties) = preSolution
		HideSolutionNode = FALSE
	EndGlobalSection
	GlobalSection(NestedProjects) = preSolution
		{C5273164-7C33-451F-BFE3-1AF094FF61E1} = {2312F7F8-F8B7-4DB1-B3D0-A680DB6AFA78}
		{57FC6CDA-1281-4734-9A8C-142C0A2C2574} = {2312F7F8-F8B7-4DB1-B3D0-A680DB6AFA78}
	EndGlobalSection
	GlobalSection(ExtensibilityGlobals) = postSolution
		SolutionGuid = {604C7CC2-0F1D-4E00-AB8E-BFC960E80636}
	EndGlobalSection
EndGlobal
